{
  "requires": true,
  "lockfileVersion": 1,
  "dependencies": {
    "filepond-plugin-image-exif-orientation": {
      "version": "1.0.11",
      "resolved": "https://registry.npmjs.org/filepond-plugin-image-exif-orientation/-/filepond-plugin-image-exif-orientation-1.0.11.tgz",
      "integrity": "sha512-hLBc12Fk6Zkj3L8mSAn+elugHOqT5rLUbgVXQQIQjMe0FsGjtpoxqeVR6jt4IWHGat2L9sFAgU2TGmd1mqosCg=="
    },
    "filepond-plugin-image-preview": {
      "version": "4.6.6",
      "resolved": "https://registry.npmjs.org/filepond-plugin-image-preview/-/filepond-plugin-image-preview-4.6.6.tgz",
      "integrity": "sha512-zWbbpjNdvaVJ8tVsI2AYtjzVPMIqdsMhcSs3XlBKQXBMPmofGm3Xm2MT2QrZjhxBss03HeAp9Uf4Xab8lDgTlw=="
    }
  }
}
